{
  "name": "word_salad",
  "lockfileVersion": 3,
  "requires": true,
  "packages": {
    "": {
      "dependencies": {
        "@capacitor/toast": "^5.0.7",
        "@ionic/pwa-elements": "^3.2.2"
      }
    },
    "node_modules/@capacitor/core": {
      "version": "5.6.0",
      "resolved": "https://registry.npmjs.org/@capacitor/core/-/core-5.6.0.tgz",
      "integrity": "sha512-xJhCOUGPHw0QYDA3YH+CmL6qiV9DH4Ij3yPxSenymjrtLuXI197u9ddCZwGEwgVIkh9kGZBBKzsNkn89SZ2gdQ==",
      "peer": true,
      "dependencies": {
        "tslib": "^2.1.0"
      }
    },
    "node_modules/@capacitor/toast": {
      "version": "5.0.7",
      "resolved": "https://registry.npmjs.org/@capacitor/toast/-/toast-5.0.7.tgz",
      "integrity": "sha512-E2AuYXUoPPFrfwv3iC5FOeSAkVwlJpIM0w0Sw4uqLM7jvSsOEZh3z9I4/Gdz0ltY0JsQmmnfvoFYiZ1TVsbhWw==",
      "peerDependencies": {
        "@capacitor/core": "^5.0.0"
      }
    },
    "node_modules/@ionic/pwa-elements": {
      "version": "3.2.2",
      "resolved": "https://registry.npmjs.org/@ionic/pwa-elements/-/pwa-elements-3.2.2.tgz",
      "integrity": "sha512-gCQsHdvkaWa83T3ToKsr6FOtzSmLIYFWy+zZisXVDqU3ry4Hv581dFSxDUgokgoWSxIERe/nvYnhoN8zIIEKQQ==",
      "engines": {
        "node": ">=16.0.0",
        "npm": ">=8.0.0"
      }
    },
    "node_modules/tslib": {
      "version": "2.6.2",
      "resolved": "https://registry.npmjs.org/tslib/-/tslib-2.6.2.tgz",
      "integrity": "sha512-AEYxH93jGFPn/a2iVAwW87VuUIkR1FVUKB77NwMF7nBTDkDrrT/Hpt/IrCJ0QXhW27jTBDcf5ZY7w6RiqTMw2Q==",
      "peer": true
    }
  }
}
